
Microsoft Visual Studio Solution File, Format Version 12.00
# Visual Studio Version 17
VisualStudioVersion = 17.0.31912.275
MinimumVisualStudioVersion = 10.0.40219.1
Project("{FAE04EC0-301F-11D3-BF4B-00C04F79EFBC}") = "ProjetoElevador", "ProjetoElevador.csproj", "{3E2BC2D1-BBFD-4734-A0F6-E236C2A98842}"
EndProject
Global
	GlobalSection(SolutionConfigurationPlatforms) = preSolution
		Debug|Any CPU = Debug|Any CPU
		Release|Any CPU = Release|Any CPU
	EndGlobalSection
	GlobalSection(ProjectConfigurationPlatforms) = postSolution
		{3E2BC2D1-BBFD-4734-A0F6-E236C2A98842}.Debug|Any CPU.ActiveCfg = Debug|Any CPU
		{3E2BC2D1-BBFD-4734-A0F6-E236C2A98842}.Debug|Any CPU.Build.0 = Debug|Any CPU
		{3E2BC2D1-BBFD-4734-A0F6-E236C2A98842}.Release|Any CPU.ActiveCfg = Release|Any CPU
		{3E2BC2D1-BBFD-4734-A0F6-E236C2A98842}.Release|Any CPU.Build.0 = Release|Any CPU
	EndGlobalSection
	GlobalSection(SolutionProperties) = preSolution
		HideSolutionNode = FALSE
	EndGlobalSection
	GlobalSection(ExtensibilityGlobals) = postSolution
		SolutionGuid = {5661778E-7E85-4FF7-AD03-E59F10DC8432}
	EndGlobalSection
EndGlobal
